
Microsoft Visual Studio Solution File, Format Version 12.00
# Visual Studio Version 17
VisualStudioVersion = 17.9.34728.123
MinimumVisualStudioVersion = 10.0.40219.1
Project("{FAE04EC0-301F-11D3-BF4B-00C04F79EFBC}") = "UniversityApplication", "UniversityApplication\UniversityApplication.csproj", "{22E202E7-E284-4A53-85EE-44E99EAF09DA}"
EndProject
Global
	GlobalSection(SolutionConfigurationPlatforms) = preSolution
		Debug|Any CPU = Debug|Any CPU
		Release|Any CPU = Release|Any CPU
	EndGlobalSection
	GlobalSection(ProjectConfigurationPlatforms) = postSolution
		{22E202E7-E284-4A53-85EE-44E99EAF09DA}.Debug|Any CPU.ActiveCfg = Debug|Any CPU
		{22E202E7-E284-4A53-85EE-44E99EAF09DA}.Debug|Any CPU.Build.0 = Debug|Any CPU
		{22E202E7-E284-4A53-85EE-44E99EAF09DA}.Release|Any CPU.ActiveCfg = Release|Any CPU
		{22E202E7-E284-4A53-85EE-44E99EAF09DA}.Release|Any CPU.Build.0 = Release|Any CPU
	EndGlobalSection
	GlobalSection(SolutionProperties) = preSolution
		HideSolutionNode = FALSE
	EndGlobalSection
	GlobalSection(ExtensibilityGlobals) = postSolution
		SolutionGuid = {EA78FBA3-E0DB-44B8-813F-6E976B131A05}
	EndGlobalSection
EndGlobal
